
Microsoft Visual Studio Solution File, Format Version 12.00
# Visual Studio Version 17
VisualStudioVersion = 17.12.35521.163 d17.12
MinimumVisualStudioVersion = 10.0.40219.1
Project("{FAE04EC0-301F-11D3-BF4B-00C04F79EFBC}") = "HitTheMouse", "HitTheMouse\HitTheMouse.csproj", "{79A10AB3-0FA4-4839-A418-F4229C9D1BA1}"
EndProject
Project("{FAE04EC0-301F-11D3-BF4B-00C04F79EFBC}") = "HitTheMouse.Content", "HitTheMouse.Content\HitTheMouse.Content.csproj", "{B83FA9EB-9B21-42F2-955C-332C8A9A659A}"
EndProject
Project("{FAE04EC0-301F-11D3-BF4B-00C04F79EFBC}") = "HitTheMouse.Android", "HitTheMouse.Android\HitTheMouse.Android.csproj", "{7644C4D3-C897-46F9-8971-94C5C8123E75}"
EndProject
Project("{FAE04EC0-301F-11D3-BF4B-00C04F79EFBC}") = "HitTheMouse.Desktop", "HitTheMouse.Desktop\HitTheMouse.Desktop.csproj", "{CF2E4FF2-6702-4B86-B988-6FF9AB7FF962}"
EndProject
Global
	GlobalSection(SolutionConfigurationPlatforms) = preSolution
		Debug|Any CPU = Debug|Any CPU
		Release|Any CPU = Release|Any CPU
	EndGlobalSection
	GlobalSection(ProjectConfigurationPlatforms) = postSolution
		{79A10AB3-0FA4-4839-A418-F4229C9D1BA1}.Debug|Any CPU.ActiveCfg = Debug|Any CPU
		{79A10AB3-0FA4-4839-A418-F4229C9D1BA1}.Debug|Any CPU.Build.0 = Debug|Any CPU
		{79A10AB3-0FA4-4839-A418-F4229C9D1BA1}.Release|Any CPU.ActiveCfg = Release|Any CPU
		{79A10AB3-0FA4-4839-A418-F4229C9D1BA1}.Release|Any CPU.Build.0 = Release|Any CPU
		{B83FA9EB-9B21-42F2-955C-332C8A9A659A}.Debug|Any CPU.ActiveCfg = Debug|Any CPU
		{B83FA9EB-9B21-42F2-955C-332C8A9A659A}.Debug|Any CPU.Build.0 = Debug|Any CPU
		{B83FA9EB-9B21-42F2-955C-332C8A9A659A}.Release|Any CPU.ActiveCfg = Release|Any CPU
		{B83FA9EB-9B21-42F2-955C-332C8A9A659A}.Release|Any CPU.Build.0 = Release|Any CPU
		{7644C4D3-C897-46F9-8971-94C5C8123E75}.Debug|Any CPU.ActiveCfg = Debug|Any CPU
		{7644C4D3-C897-46F9-8971-94C5C8123E75}.Debug|Any CPU.Build.0 = Debug|Any CPU
		{7644C4D3-C897-46F9-8971-94C5C8123E75}.Debug|Any CPU.Deploy.0 = Debug|Any CPU
		{7644C4D3-C897-46F9-8971-94C5C8123E75}.Release|Any CPU.ActiveCfg = Release|Any CPU
		{7644C4D3-C897-46F9-8971-94C5C8123E75}.Release|Any CPU.Build.0 = Release|Any CPU
		{7644C4D3-C897-46F9-8971-94C5C8123E75}.Release|Any CPU.Deploy.0 = Release|Any CPU
		{CF2E4FF2-6702-4B86-B988-6FF9AB7FF962}.Debug|Any CPU.ActiveCfg = Debug|Any CPU
		{CF2E4FF2-6702-4B86-B988-6FF9AB7FF962}.Debug|Any CPU.Build.0 = Debug|Any CPU
		{CF2E4FF2-6702-4B86-B988-6FF9AB7FF962}.Release|Any CPU.ActiveCfg = Release|Any CPU
		{CF2E4FF2-6702-4B86-B988-6FF9AB7FF962}.Release|Any CPU.Build.0 = Release|Any CPU
	EndGlobalSection
	GlobalSection(SolutionProperties) = preSolution
		HideSolutionNode = FALSE
	EndGlobalSection
EndGlobal
